// !$*UTF8*$!
{
	archiveVersion = 1;
	classes = {
	};
	objectVersion = 46;
	objects = {

/* Begin PBXBuildFile section */
		EF2799401C906BDC00923F6E /* binarysearchtree.cpp in Sources */ = {isa = PBXBuildFile; fileRef = EF27993B1C906BDB00923F6E /* binarysearchtree.cpp */; };
		EF2799411C906BDC00923F6E /* binarytree.cpp in Sources */ = {isa = PBXBuildFile; fileRef = EF27993D1C906BDB00923F6E /* binarytree.cpp */; };
		EF2799421C906BDC00923F6E /* main.cpp in Sources */ = {isa = PBXBuildFile; fileRef = EF27993F1C906BDC00923F6E /* main.cpp */; };
/* End PBXBuildFile section */

/* Begin PBXCopyFilesBuildPhase section */
		EF27992E1C906BB000923F6E /* CopyFiles */ = {
			isa = PBXCopyFilesBuildPhase;
			buildActionMask = 2147483647;
			dstPath = /usr/share/man/man1/;
			dstSubfolderSpec = 0;
			files = (
			);
			runOnlyForDeploymentPostprocessing = 1;
		};
/* End PBXCopyFilesBuildPhase section */

/* Begin PBXFileReference section */
		EF2799301C906BB000923F6E /* BinarySearchTree */ = {isa = PBXFileReference; explicitFileType = "compiled.mach-o.executable"; includeInIndex = 0; path = BinarySearchTree; sourceTree = BUILT_PRODUCTS_DIR; };
		EF27993A1C906BDB00923F6E /* binarynode.h */ = {isa = PBXFileReference; fileEncoding = 4; lastKnownFileType = sourcecode.c.h; name = binarynode.h; path = ../../binarynode.h; sourceTree = "<group>"; };
		EF27993B1C906BDB00923F6E /* binarysearchtree.cpp */ = {isa = PBXFileReference; fileEncoding = 4; lastKnownFileType = sourcecode.cpp.cpp; name = binarysearchtree.cpp; path = ../../binarysearchtree.cpp; sourceTree = "<group>"; };
		EF27993C1C906BDB00923F6E /* binarysearchtree.h */ = {isa = PBXFileReference; fileEncoding = 4; lastKnownFileType = sourcecode.c.h; name = binarysearchtree.h; path = ../../binarysearchtree.h; sourceTree = "<group>"; };
		EF27993D1C906BDB00923F6E /* binarytree.cpp */ = {isa = PBXFileReference; fileEncoding = 4; lastKnownFileType = sourcecode.cpp.cpp; name = binarytree.cpp; path = ../../binarytree.cpp; sourceTree = "<group>"; };
		EF27993E1C906BDB00923F6E /* binarytree.h */ = {isa = PBXFileReference; fileEncoding = 4; lastKnownFileType = sourcecode.c.h; name = binarytree.h; path = ../../binarytree.h; sourceTree = "<group>"; };
		EF27993F1C906BDC00923F6E /* main.cpp */ = {isa = PBXFileReference; fileEncoding = 4; lastKnownFileType = sourcecode.cpp.cpp; name = main.cpp; path = ../../main.cpp; sourceTree = "<group>"; };
/* End PBXFileReference section */

/* Begin PBXFrameworksBuildPhase section */
		EF27992D1C906BB000923F6E /* Frameworks */ = {
			isa = PBXFrameworksBuildPhase;
			buildActionMask = 2147483647;
			files = (
			);
			runOnlyForDeploymentPostprocessing = 0;
		};
/* End PBXFrameworksBuildPhase section */

/* Begin PBXGroup section */
		EF2799271C906BB000923F6E = {
			isa = PBXGroup;
			children = (
				EF2799321C906BB000923F6E /* BinarySearchTree */,
				EF2799311C906BB000923F6E /* Products */,
			);
			sourceTree = "<group>";
		};
		EF2799311C906BB000923F6E /* Products */ = {
			isa = PBXGroup;
			children = (
				EF2799301C906BB000923F6E /* BinarySearchTree */,
			);
			name = Products;
			sourceTree = "<group>";
		};
		EF2799321C906BB000923F6E /* BinarySearchTree */ = {
			isa = PBXGroup;
			children = (
				EF27993A1C906BDB00923F6E /* binarynode.h */,
				EF27993B1C906BDB00923F6E /* binarysearchtree.cpp */,
				EF27993C1C906BDB00923F6E /* binarysearchtree.h */,
				EF27993D1C906BDB00923F6E /* binarytree.cpp */,
				EF27993E1C906BDB00923F6E /* binarytree.h */,
				EF27993F1C906BDC00923F6E /* main.cpp */,
			);
			path = BinarySearchTree;
			sourceTree = "<group>";
		};
/* End PBXGroup section */

/* Begin PBXNativeTarget section */
		EF27992F1C906BB000923F6E /* BinarySearchTree */ = {
			isa = PBXNativeTarget;
			buildConfigurationList = EF2799371C906BB000923F6E /* Build configuration list for PBXNativeTarget "BinarySearchTree" */;
			buildPhases = (
				EF27992C1C906BB000923F6E /* Sources */,
				EF27992D1C906BB000923F6E /* Frameworks */,
				EF27992E1C906BB000923F6E /* CopyFiles */,
			);
			buildRules = (
			);
			dependencies = (
			);
			name = BinarySearchTree;
			productName = BinarySearchTree;
			productReference = EF2799301C906BB000923F6E /* BinarySearchTree */;
			productType = "com.apple.product-type.tool";
		};
/* End PBXNativeTarget section */

/* Begin PBXProject section */
		EF2799281C906BB000923F6E /* Project object */ = {
			isa = PBXProject;
			attributes = {
				LastUpgradeCheck = 0640;
				ORGANIZATIONNAME = "Snorri Jóhannsson";
				TargetAttributes = {
					EF27992F1C906BB000923F6E = {
						CreatedOnToolsVersion = 6.4;
					};
				};
			};
			buildConfigurationList = EF27992B1C906BB000923F6E /* Build configuration list for PBXProject "BinarySearchTree" */;
			compatibilityVersion = "Xcode 3.2";
			developmentRegion = English;
			hasScannedForEncodings = 0;
			knownRegions = (
				en,
			);
			mainGroup = EF2799271C906BB000923F6E;
			productRefGroup = EF2799311C906BB000923F6E /* Products */;
			projectDirPath = "";
			projectRoot = "";
			targets = (
				EF27992F1C906BB000923F6E /* BinarySearchTree */,
			);
		};
/* End PBXProject section */

/* Begin PBXSourcesBuildPhase section */
		EF27992C1C906BB000923F6E /* Sources */ = {
			isa = PBXSourcesBuildPhase;
			buildActionMask = 2147483647;
			files = (
				EF2799411C906BDC00923F6E /* binarytree.cpp in Sources */,
				EF2799401C906BDC00923F6E /* binarysearchtree.cpp in Sources */,
				EF2799421C906BDC00923F6E /* main.cpp in Sources */,
			);
			runOnlyForDeploymentPostprocessing = 0;
		};
/* End PBXSourcesBuildPhase section */

/* Begin XCBuildConfiguration section */
		EF2799351C906BB000923F6E /* Debug */ = {
			isa = XCBuildConfiguration;
			buildSettings = {
				ALWAYS_SEARCH_USER_PATHS = NO;
				CLANG_CXX_LANGUAGE_STANDARD = "gnu++0x";
				CLANG_CXX_LIBRARY = "libc++";
				CLANG_ENABLE_MODULES = YES;
				CLANG_ENABLE_OBJC_ARC = YES;
				CLANG_WARN_BOOL_CONVERSION = YES;
				CLANG_WARN_CONSTANT_CONVERSION = YES;
				CLANG_WARN_DIRECT_OBJC_ISA_USAGE = YES_ERROR;
				CLANG_WARN_EMPTY_BODY = YES;
				CLANG_WARN_ENUM_CONVERSION = YES;
				CLANG_WARN_INT_CONVERSION = YES;
				CLANG_WARN_OBJC_ROOT_CLASS = YES_ERROR;
				CLANG_WARN_UNREACHABLE_CODE = YES;
				CLANG_WARN__DUPLICATE_METHOD_MATCH = YES;
				COPY_PHASE_STRIP = NO;
				DEBUG_INFORMATION_FORMAT = dwarf;
				ENABLE_STRICT_OBJC_MSGSEND = YES;
				GCC_C_LANGUAGE_STANDARD = gnu99;
				GCC_DYNAMIC_NO_PIC = NO;
				GCC_NO_COMMON_BLOCKS = YES;
				GCC_OPTIMIZATION_LEVEL = 0;
				GCC_PREPROCESSOR_DEFINITIONS = (
					"DEBUG=1",
					"$(inherited)",
				);
				GCC_SYMBOLS_PRIVATE_EXTERN = NO;
				GCC_WARN_64_TO_32_BIT_CONVERSION = YES;
				GCC_WARN_ABOUT_RETURN_TYPE = YES_ERROR;
				GCC_WARN_UNDECLARED_SELECTOR = YES;
				GCC_WARN_UNINITIALIZED_AUTOS = YES_AGGRESSIVE;
				GCC_WARN_UNUSED_FUNCTION = YES;
				GCC_WARN_UNUSED_VARIABLE = YES;
				MACOSX_DEPLOYMENT_TARGET = 10.11;
				MTL_ENABLE_DEBUG_INFO = YES;
				ONLY_ACTIVE_ARCH = YES;
				SDKROOT = macosx;
			};
			name = Debug;
		};
		EF2799361C906BB000923F6E /* Release */ = {
			isa = XCBuildConfiguration;
			buildSettings = {
				ALWAYS_SEARCH_USER_PATHS = NO;
				CLANG_CXX_LANGUAGE_STANDARD = "gnu++0x";
				CLANG_CXX_LIBRARY = "libc++";
				CLANG_ENABLE_MODULES = YES;
				CLANG_ENABLE_OBJC_ARC = YES;
				CLANG_WARN_BOOL_CONVERSION = YES;
				CLANG_WARN_CONSTANT_CONVERSION = YES;
				CLANG_WARN_DIRECT_OBJC_ISA_USAGE = YES_ERROR;
				CLANG_WARN_EMPTY_BODY = YES;
				CLANG_WARN_ENUM_CONVERSION = YES;
				CLANG_WARN_INT_CONVERSION = YES;
				CLANG_WARN_OBJC_ROOT_CLASS = YES_ERROR;
				CLANG_WARN_UNREACHABLE_CODE = YES;
				CLANG_WARN__DUPLICATE_METHOD_MATCH = YES;
				COPY_PHASE_STRIP = NO;
				DEBUG_INFORMATION_FORMAT = "dwarf-with-dsym";
				ENABLE_NS_ASSERTIONS = NO;
				ENABLE_STRICT_OBJC_MSGSEND = YES;
				GCC_C_LANGUAGE_STANDARD = gnu99;
				GCC_NO_COMMON_BLOCKS = YES;
				GCC_WARN_64_TO_32_BIT_CONVERSION = YES;
				GCC_WARN_ABOUT_RETURN_TYPE = YES_ERROR;
				GCC_WARN_UNDECLARED_SELECTOR = YES;
				GCC_WARN_UNINITIALIZED_AUTOS = YES_AGGRESSIVE;
				GCC_WARN_UNUSED_FUNCTION = YES;
				GCC_WARN_UNUSED_VARIABLE = YES;
				MACOSX_DEPLOYMENT_TARGET = 10.11;
				MTL_ENABLE_DEBUG_INFO = NO;
				SDKROOT = macosx;
			};
			name = Release;
		};
		EF2799381C906BB000923F6E /* Debug */ = {
			isa = XCBuildConfiguration;
			buildSettings = {
				PRODUCT_NAME = "$(TARGET_NAME)";
			};
			name = Debug;
		};
		EF2799391C906BB000923F6E /* Release */ = {
			isa = XCBuildConfiguration;
			buildSettings = {
				PRODUCT_NAME = "$(TARGET_NAME)";
			};
			name = Release;
		};
/* End XCBuildConfiguration section */

/* Begin XCConfigurationList section */
		EF27992B1C906BB000923F6E /* Build configuration list for PBXProject "BinarySearchTree" */ = {
			isa = XCConfigurationList;
			buildConfigurations = (
				EF2799351C906BB000923F6E /* Debug */,
				EF2799361C906BB000923F6E /* Release */,
			);
			defaultConfigurationIsVisible = 0;
			defaultConfigurationName = Release;
		};
		EF2799371C906BB000923F6E /* Build configuration list for PBXNativeTarget "BinarySearchTree" */ = {
			isa = XCConfigurationList;
			buildConfigurations = (
				EF2799381C906BB000923F6E /* Debug */,
				EF2799391C906BB000923F6E /* Release */,
			);
			defaultConfigurationIsVisible = 0;
		};
/* End XCConfigurationList section */
	};
	rootObject = EF2799281C906BB000923F6E /* Project object */;
}
